
Microsoft Visual Studio Solution File, Format Version 12.00
# Visual Studio Version 17
VisualStudioVersion = 17.9.34728.123
MinimumVisualStudioVersion = 10.0.40219.1
Project("{FAE04EC0-301F-11D3-BF4B-00C04F79EFBC}") = "DirectumTest1", "DirectumTest1\DirectumTest1.csproj", "{6D5E794F-3BF1-438C-B0F7-3B8376B78F65}"
EndProject
Global
	GlobalSection(SolutionConfigurationPlatforms) = preSolution
		Debug|Any CPU = Debug|Any CPU
		Release|Any CPU = Release|Any CPU
	EndGlobalSection
	GlobalSection(ProjectConfigurationPlatforms) = postSolution
		{6D5E794F-3BF1-438C-B0F7-3B8376B78F65}.Debug|Any CPU.ActiveCfg = Debug|Any CPU
		{6D5E794F-3BF1-438C-B0F7-3B8376B78F65}.Debug|Any CPU.Build.0 = Debug|Any CPU
		{6D5E794F-3BF1-438C-B0F7-3B8376B78F65}.Release|Any CPU.ActiveCfg = Release|Any CPU
		{6D5E794F-3BF1-438C-B0F7-3B8376B78F65}.Release|Any CPU.Build.0 = Release|Any CPU
	EndGlobalSection
	GlobalSection(SolutionProperties) = preSolution
		HideSolutionNode = FALSE
	EndGlobalSection
	GlobalSection(ExtensibilityGlobals) = postSolution
		SolutionGuid = {25E65700-BF92-4CAF-B5FA-F0C3D24EC377}
	EndGlobalSection
EndGlobal
